
Microsoft Visual Studio Solution File, Format Version 12.00
# Visual Studio Version 16
VisualStudioVersion = 16.0.29920.165
MinimumVisualStudioVersion = 10.0.40219.1
Project("{FAE04EC0-301F-11D3-BF4B-00C04F79EFBC}") = "MyMetronomeApp", "MyMetronomeApp\MyMetronomeApp.csproj", "{66EC8262-3A24-458A-A65A-7B18773439F5}"
EndProject
Global
	GlobalSection(SolutionConfigurationPlatforms) = preSolution
		Debug|Any CPU = Debug|Any CPU
		Release|Any CPU = Release|Any CPU
	EndGlobalSection
	GlobalSection(ProjectConfigurationPlatforms) = postSolution
		{66EC8262-3A24-458A-A65A-7B18773439F5}.Debug|Any CPU.ActiveCfg = Debug|Any CPU
		{66EC8262-3A24-458A-A65A-7B18773439F5}.Debug|Any CPU.Build.0 = Debug|Any CPU
		{66EC8262-3A24-458A-A65A-7B18773439F5}.Release|Any CPU.ActiveCfg = Release|Any CPU
		{66EC8262-3A24-458A-A65A-7B18773439F5}.Release|Any CPU.Build.0 = Release|Any CPU
	EndGlobalSection
	GlobalSection(SolutionProperties) = preSolution
		HideSolutionNode = FALSE
	EndGlobalSection
	GlobalSection(ExtensibilityGlobals) = postSolution
		SolutionGuid = {656274D5-72E4-4B6F-B3EA-7BB05D003981}
	EndGlobalSection
EndGlobal
